PODS:
  - Alamofire (5.9.1)
  - AppAuth (1.7.4):
    - AppAuth/Core (= 1.7.4)
    - AppAuth/ExternalUserAgent (= 1.7.4)
  - AppAuth/Core (1.7.4)
  - AppAuth/ExternalUserAgent (1.7.4):
    - AppAuth/Core
  - GoogleSignIn (7.1.0):
    - AppAuth (< 2.0, >= 1.7.3)
    - GTMAppAuth (< 5.0, >= 4.1.1)
    - GTMSessionFetcher/Core (~> 3.3)
  - GoogleSignInSwiftSupport (7.1.0):
    - GoogleSignIn (~> 7.1)
  - GTMAppAuth (4.1.1):
    - AppAuth/Core (~> 1.7)
    - GTMSessionFetcher/Core (< 4.0, >= 3.3)
  - GTMSessionFetcher/Core (3.4.0)
  - youtube-ios-player-helper (1.0.4)

DEPENDENCIES:
  - Alamofire
  - GoogleSignIn
  - GoogleSignInSwiftSupport
  - youtube-ios-player-helper

SPEC REPOS:
  trunk:
    - Alamofire
    - AppAuth
    - GoogleSignIn
    - GoogleSignInSwiftSupport
    - GTMAppAuth
    - GTMSessionFetcher
    - youtube-ios-player-helper

SPEC CHECKSUMS:
  Alamofire: f36a35757af4587d8e4f4bfa223ad10be2422b8c
  AppAuth: 182c5b88630569df5acb672720534756c29b3358
  GoogleSignIn: d4281ab6cf21542b1cfaff85c191f230b399d2db
  GoogleSignInSwiftSupport: bbbd5afe90c9e22e91d2fa5a55498e00e3227cef
  GTMAppAuth: f69bd07d68cd3b766125f7e072c45d7340dea0de
  GTMSessionFetcher: ed61055dc13f769533d057edc520a4cb8f41c324
  youtube-ios-player-helper: e9b97535e816db3152179d84d999bc1807ecd689

PODFILE CHECKSUM: 16d22b6d38d670b94a037100477daef0ca0de535

COCOAPODS: 1.15.2
